// !$*UTF8*$!
{
	archiveVersion = 1;
	classes = {
	};
	objectVersion = 52;
	objects = {

/* Begin PBXBuildFile section */
		8818A013247C3F0E0096559C /* FindTomJerryVC.swift in Sources */ = {isa = PBXBuildFile; fileRef = 8818A012247C3F0D0096559C /* FindTomJerryVC.swift */; };
		8822F83024697A0000CE790B /* ChameleonTrainVC.swift in Sources */ = {isa = PBXBuildFile; fileRef = 8822F82F24697A0000CE790B /* ChameleonTrainVC.swift */; };
		8846F4EF246205D00070CAFA /* ShyPandaVC.swift in Sources */ = {isa = PBXBuildFile; fileRef = 8846F4EE246205D00070CAFA /* ShyPandaVC.swift */; };
		8846F4F12462073B0070CAFA /* shyPandaVideo.mp4 in Resources */ = {isa = PBXBuildFile; fileRef = 8846F4F02462073B0070CAFA /* shyPandaVideo.mp4 */; };
		885699BD2482C8E3008DCEEC /* SAConfettiView.swift in Sources */ = {isa = PBXBuildFile; fileRef = 885699BC2482C8E3008DCEEC /* SAConfettiView.swift */; };
		885699BF2483EEA5008DCEEC /* MakeMeHappy.swift in Sources */ = {isa = PBXBuildFile; fileRef = 885699BE2483EEA5008DCEEC /* MakeMeHappy.swift */; };
		885BE7CA2468A92E00C1705E /* Bukelemun.swift in Sources */ = {isa = PBXBuildFile; fileRef = 885BE7C92468A92E00C1705E /* Bukelemun.swift */; };
		8887276824841B970018BC55 /* FaceLock.swift in Sources */ = {isa = PBXBuildFile; fileRef = 8887276724841B970018BC55 /* FaceLock.swift */; };
		8887276A24844AC30018BC55 /* RockPaperScissors.swift in Sources */ = {isa = PBXBuildFile; fileRef = 8887276924844AC30018BC55 /* RockPaperScissors.swift */; };
		88CC586E2452F98000E39102 /* AppDelegate.swift in Sources */ = {isa = PBXBuildFile; fileRef = 88CC586D2452F98000E39102 /* AppDelegate.swift */; };
		88CC58702452F98000E39102 /* SceneDelegate.swift in Sources */ = {isa = PBXBuildFile; fileRef = 88CC586F2452F98000E39102 /* SceneDelegate.swift */; };
		88CC58722452F98000E39102 /* ViewController.swift in Sources */ = {isa = PBXBuildFile; fileRef = 88CC58712452F98000E39102 /* ViewController.swift */; };
		88CC58752452F98000E39102 /* Main.storyboard in Resources */ = {isa = PBXBuildFile; fileRef = 88CC58732452F98000E39102 /* Main.storyboard */; };
		88CC58772452F98200E39102 /* Assets.xcassets in Resources */ = {isa = PBXBuildFile; fileRef = 88CC58762452F98200E39102 /* Assets.xcassets */; };
		88CC587A2452F98200E39102 /* LaunchScreen.storyboard in Resources */ = {isa = PBXBuildFile; fileRef = 88CC58782452F98200E39102 /* LaunchScreen.storyboard */; };
		88CC58822452F9A700E39102 /* TitanicGameVC.swift in Sources */ = {isa = PBXBuildFile; fileRef = 88CC58812452F9A700E39102 /* TitanicGameVC.swift */; };
		88CC58842452FA6A00E39102 /* VideoPlayer.swift in Sources */ = {isa = PBXBuildFile; fileRef = 88CC58832452FA6A00E39102 /* VideoPlayer.swift */; };
		88CC58882452FC9E00E39102 /* entryVideo.mp4 in Resources */ = {isa = PBXBuildFile; fileRef = 88CC58872452FC9E00E39102 /* entryVideo.mp4 */; };
		88CC588A2452FFB800E39102 /* TitanicGetInfoView.xib in Resources */ = {isa = PBXBuildFile; fileRef = 88CC58892452FFB800E39102 /* TitanicGetInfoView.xib */; };
		88CC588C2453228300E39102 /* TitanicGetInfoView.swift in Sources */ = {isa = PBXBuildFile; fileRef = 88CC588B2453228300E39102 /* TitanicGetInfoView.swift */; };
		88CC588F2453276D00E39102 /* IQKeyboardManagerSwift in Frameworks */ = {isa = PBXBuildFile; productRef = 88CC588E2453276D00E39102 /* IQKeyboardManagerSwift */; };
		88CC5898245328C100E39102 /* titanic_passenger2.mp4 in Resources */ = {isa = PBXBuildFile; fileRef = 88CC5892245328B100E39102 /* titanic_passenger2.mp4 */; };
		88CC5899245328C100E39102 /* titanic_passenger3.mp4 in Resources */ = {isa = PBXBuildFile; fileRef = 88CC5893245328B200E39102 /* titanic_passenger3.mp4 */; };
		88CC589A245328C100E39102 /* titanic_boarding.mp4 in Resources */ = {isa = PBXBuildFile; fileRef = 88CC5894245328B600E39102 /* titanic_boarding.mp4 */; };
		88CC589B245328C100E39102 /* titanic_passenger1.mp4 in Resources */ = {isa = PBXBuildFile; fileRef = 88CC5895245328B900E39102 /* titanic_passenger1.mp4 */; };
		88CC589C245328C100E39102 /* titanic_end_scene.mp4 in Resources */ = {isa = PBXBuildFile; fileRef = 88CC5896245328C100E39102 /* titanic_end_scene.mp4 */; };
		88CC589D245328C100E39102 /* titanic_loading.mp4 in Resources */ = {isa = PBXBuildFile; fileRef = 88CC5897245328C100E39102 /* titanic_loading.mp4 */; };
		88CC589F24532CFB00E39102 /* titanic_background_music.mp3 in Resources */ = {isa = PBXBuildFile; fileRef = 88CC589E24532CFB00E39102 /* titanic_background_music.mp3 */; };
		88CC58A224532EF400E39102 /* Toast in Frameworks */ = {isa = PBXBuildFile; productRef = 88CC58A124532EF400E39102 /* Toast */; };
		88DE17972483F28400ECE48C /* SchoolLibrary.swift in Sources */ = {isa = PBXBuildFile; fileRef = 88DE17962483F28400ECE48C /* SchoolLibrary.swift */; };
		88DE1799248409EE00ECE48C /* CarorCup.swift in Sources */ = {isa = PBXBuildFile; fileRef = 88DE1798248409EE00ECE48C /* CarorCup.swift */; };
/* End PBXBuildFile section */

/* Begin PBXCopyFilesBuildPhase section */
		885699BB2482C88A008DCEEC /* Embed Frameworks */ = {
			isa = PBXCopyFilesBuildPhase;
			buildActionMask = 2147483647;
			dstPath = "";
			dstSubfolderSpec = 10;
			files = (
			);
			name = "Embed Frameworks";
			runOnlyForDeploymentPostprocessing = 0;
		};
/* End PBXCopyFilesBuildPhase section */

/* Begin PBXFileReference section */
		8818A012247C3F0D0096559C /* FindTomJerryVC.swift */ = {isa = PBXFileReference; lastKnownFileType = sourcecode.swift; path = FindTomJerryVC.swift; sourceTree = "<group>"; };
		8822F82F24697A0000CE790B /* ChameleonTrainVC.swift */ = {isa = PBXFileReference; lastKnownFileType = sourcecode.swift; path = ChameleonTrainVC.swift; sourceTree = "<group>"; };
		8846F4EE246205D00070CAFA /* ShyPandaVC.swift */ = {isa = PBXFileReference; lastKnownFileType = sourcecode.swift; path = ShyPandaVC.swift; sourceTree = "<group>"; };
		8846F4F02462073B0070CAFA /* shyPandaVideo.mp4 */ = {isa = PBXFileReference; lastKnownFileType = file; path = shyPandaVideo.mp4; sourceTree = "<group>"; };
		885699BC2482C8E3008DCEEC /* SAConfettiView.swift */ = {isa = PBXFileReference; fileEncoding = 4; lastKnownFileType = sourcecode.swift; path = SAConfettiView.swift; sourceTree = "<group>"; };
		885699BE2483EEA5008DCEEC /* MakeMeHappy.swift */ = {isa = PBXFileReference; lastKnownFileType = sourcecode.swift; path = MakeMeHappy.swift; sourceTree = "<group>"; };
		885BE7C92468A92E00C1705E /* Bukelemun.swift */ = {isa = PBXFileReference; lastKnownFileType = sourcecode.swift; path = Bukelemun.swift; sourceTree = "<group>"; };
		8887276724841B970018BC55 /* FaceLock.swift */ = {isa = PBXFileReference; lastKnownFileType = sourcecode.swift; path = FaceLock.swift; sourceTree = "<group>"; };
		8887276924844AC30018BC55 /* RockPaperScissors.swift */ = {isa = PBXFileReference; lastKnownFileType = sourcecode.swift; path = RockPaperScissors.swift; sourceTree = "<group>"; };
		88CC586A2452F98000E39102 /* MachineLearningForKidsApp.app */ = {isa = PBXFileReference; explicitFileType = wrapper.application; includeInIndex = 0; path = MachineLearningForKidsApp.app; sourceTree = BUILT_PRODUCTS_DIR; };
		88CC586D2452F98000E39102 /* AppDelegate.swift */ = {isa = PBXFileReference; lastKnownFileType = sourcecode.swift; path = AppDelegate.swift; sourceTree = "<group>"; };
		88CC586F2452F98000E39102 /* SceneDelegate.swift */ = {isa = PBXFileReference; lastKnownFileType = sourcecode.swift; path = SceneDelegate.swift; sourceTree = "<group>"; };
		88CC58712452F98000E39102 /* ViewController.swift */ = {isa = PBXFileReference; lastKnownFileType = sourcecode.swift; path = ViewController.swift; sourceTree = "<group>"; };
		88CC58742452F98000E39102 /* Base */ = {isa = PBXFileReference; lastKnownFileType = file.storyboard; name = Base; path = Base.lproj/Main.storyboard; sourceTree = "<group>"; };
		88CC58762452F98200E39102 /* Assets.xcassets */ = {isa = PBXFileReference; lastKnownFileType = folder.assetcatalog; path = Assets.xcassets; sourceTree = "<group>"; };
		88CC58792452F98200E39102 /* Base */ = {isa = PBXFileReference; lastKnownFileType = file.storyboard; name = Base; path = Base.lproj/LaunchScreen.storyboard; sourceTree = "<group>"; };
		88CC587B2452F98200E39102 /* Info.plist */ = {isa = PBXFileReference; lastKnownFileType = text.plist.xml; path = Info.plist; sourceTree = "<group>"; };
		88CC58812452F9A700E39102 /* TitanicGameVC.swift */ = {isa = PBXFileReference; lastKnownFileType = sourcecode.swift; path = TitanicGameVC.swift; sourceTree = "<group>"; };
		88CC58832452FA6A00E39102 /* VideoPlayer.swift */ = {isa = PBXFileReference; lastKnownFileType = sourcecode.swift; path = VideoPlayer.swift; sourceTree = "<group>"; };
		88CC58872452FC9E00E39102 /* entryVideo.mp4 */ = {isa = PBXFileReference; lastKnownFileType = file; path = entryVideo.mp4; sourceTree = "<group>"; };
		88CC58892452FFB800E39102 /* TitanicGetInfoView.xib */ = {isa = PBXFileReference; lastKnownFileType = file.xib; path = TitanicGetInfoView.xib; sourceTree = "<group>"; };
		88CC588B2453228300E39102 /* TitanicGetInfoView.swift */ = {isa = PBXFileReference; lastKnownFileType = sourcecode.swift; path = TitanicGetInfoView.swift; sourceTree = "<group>"; };
		88CC5892245328B100E39102 /* titanic_passenger2.mp4 */ = {isa = PBXFileReference; lastKnownFileType = file; path = titanic_passenger2.mp4; sourceTree = "<group>"; };
		88CC5893245328B200E39102 /* titanic_passenger3.mp4 */ = {isa = PBXFileReference; lastKnownFileType = file; path = titanic_passenger3.mp4; sourceTree = "<group>"; };
		88CC5894245328B600E39102 /* titanic_boarding.mp4 */ = {isa = PBXFileReference; lastKnownFileType = file; path = titanic_boarding.mp4; sourceTree = "<group>"; };
		88CC5895245328B900E39102 /* titanic_passenger1.mp4 */ = {isa = PBXFileReference; lastKnownFileType = file; path = titanic_passenger1.mp4; sourceTree = "<group>"; };
		88CC5896245328C100E39102 /* titanic_end_scene.mp4 */ = {isa = PBXFileReference; lastKnownFileType = file; path = titanic_end_scene.mp4; sourceTree = "<group>"; };
		88CC5897245328C100E39102 /* titanic_loading.mp4 */ = {isa = PBXFileReference; lastKnownFileType = file; path = titanic_loading.mp4; sourceTree = "<group>"; };
		88CC589E24532CFB00E39102 /* titanic_background_music.mp3 */ = {isa = PBXFileReference; lastKnownFileType = audio.mp3; path = titanic_background_music.mp3; sourceTree = "<group>"; };
		88DE17962483F28400ECE48C /* SchoolLibrary.swift */ = {isa = PBXFileReference; lastKnownFileType = sourcecode.swift; path = SchoolLibrary.swift; sourceTree = "<group>"; };
		88DE1798248409EE00ECE48C /* CarorCup.swift */ = {isa = PBXFileReference; lastKnownFileType = sourcecode.swift; path = CarorCup.swift; sourceTree = "<group>"; };
/* End PBXFileReference section */

/* Begin PBXFrameworksBuildPhase section */
		88CC58672452F98000E39102 /* Frameworks */ = {
			isa = PBXFrameworksBuildPhase;
			buildActionMask = 2147483647;
			files = (
				88CC58A224532EF400E39102 /* Toast in Frameworks */,
				88CC588F2453276D00E39102 /* IQKeyboardManagerSwift in Frameworks */,
			);
			runOnlyForDeploymentPostprocessing = 0;
		};
/* End PBXFrameworksBuildPhase section */

/* Begin PBXGroup section */
		885699B82482C889008DCEEC /* Frameworks */ = {
			isa = PBXGroup;
			children = (
			);
			name = Frameworks;
			sourceTree = "<group>";
		};
		88CC58612452F97F00E39102 = {
			isa = PBXGroup;
			children = (
				88CC586C2452F98000E39102 /* MachineLearningForKidsApp */,
				88CC586B2452F98000E39102 /* Products */,
				885699B82482C889008DCEEC /* Frameworks */,
			);
			sourceTree = "<group>";
		};
		88CC586B2452F98000E39102 /* Products */ = {
			isa = PBXGroup;
			children = (
				88CC586A2452F98000E39102 /* MachineLearningForKidsApp.app */,
			);
			name = Products;
			sourceTree = "<group>";
		};
		88CC586C2452F98000E39102 /* MachineLearningForKidsApp */ = {
			isa = PBXGroup;
			children = (
				88CC586D2452F98000E39102 /* AppDelegate.swift */,
				88CC586F2452F98000E39102 /* SceneDelegate.swift */,
				88CC58712452F98000E39102 /* ViewController.swift */,
				88CC58732452F98000E39102 /* Main.storyboard */,
				88CC58762452F98200E39102 /* Assets.xcassets */,
				88CC58782452F98200E39102 /* LaunchScreen.storyboard */,
				88CC587B2452F98200E39102 /* Info.plist */,
				88CC58812452F9A700E39102 /* TitanicGameVC.swift */,
				88CC58832452FA6A00E39102 /* VideoPlayer.swift */,
				88CC58912453289800E39102 /* Videos */,
				88CC58892452FFB800E39102 /* TitanicGetInfoView.xib */,
				88CC588B2453228300E39102 /* TitanicGetInfoView.swift */,
				8846F4EE246205D00070CAFA /* ShyPandaVC.swift */,
				885BE7C92468A92E00C1705E /* Bukelemun.swift */,
				8822F82F24697A0000CE790B /* ChameleonTrainVC.swift */,
				8818A012247C3F0D0096559C /* FindTomJerryVC.swift */,
				885699BC2482C8E3008DCEEC /* SAConfettiView.swift */,
				885699BE2483EEA5008DCEEC /* MakeMeHappy.swift */,
				88DE17962483F28400ECE48C /* SchoolLibrary.swift */,
				88DE1798248409EE00ECE48C /* CarorCup.swift */,
				8887276724841B970018BC55 /* FaceLock.swift */,
				8887276924844AC30018BC55 /* RockPaperScissors.swift */,
			);
			path = MachineLearningForKidsApp;
			sourceTree = "<group>";
		};
		88CC58912453289800E39102 /* Videos */ = {
			isa = PBXGroup;
			children = (
				88CC58872452FC9E00E39102 /* entryVideo.mp4 */,
				88CC5894245328B600E39102 /* titanic_boarding.mp4 */,
				88CC5896245328C100E39102 /* titanic_end_scene.mp4 */,
				88CC5897245328C100E39102 /* titanic_loading.mp4 */,
				88CC5895245328B900E39102 /* titanic_passenger1.mp4 */,
				88CC5892245328B100E39102 /* titanic_passenger2.mp4 */,
				88CC5893245328B200E39102 /* titanic_passenger3.mp4 */,
				88CC589E24532CFB00E39102 /* titanic_background_music.mp3 */,
				8846F4F02462073B0070CAFA /* shyPandaVideo.mp4 */,
			);
			path = Videos;
			sourceTree = "<group>";
		};
/* End PBXGroup section */

/* Begin PBXNativeTarget section */
		88CC58692452F98000E39102 /* MachineLearningForKidsApp */ = {
			isa = PBXNativeTarget;
			buildConfigurationList = 88CC587E2452F98200E39102 /* Build configuration list for PBXNativeTarget "MachineLearningForKidsApp" */;
			buildPhases = (
				88CC58662452F98000E39102 /* Sources */,
				88CC58672452F98000E39102 /* Frameworks */,
				88CC58682452F98000E39102 /* Resources */,
				885699BB2482C88A008DCEEC /* Embed Frameworks */,
			);
			buildRules = (
			);
			dependencies = (
			);
			name = MachineLearningForKidsApp;
			packageProductDependencies = (
				88CC588E2453276D00E39102 /* IQKeyboardManagerSwift */,
				88CC58A124532EF400E39102 /* Toast */,
			);
			productName = MachineLearningForKidsApp;
			productReference = 88CC586A2452F98000E39102 /* MachineLearningForKidsApp.app */;
			productType = "com.apple.product-type.application";
		};
/* End PBXNativeTarget section */

/* Begin PBXProject section */
		88CC58622452F97F00E39102 /* Project object */ = {
			isa = PBXProject;
			attributes = {
				LastSwiftUpdateCheck = 1140;
				LastUpgradeCheck = 1140;
				ORGANIZATIONNAME = "Hızlı ve Buglı";
				TargetAttributes = {
					88CC58692452F98000E39102 = {
						CreatedOnToolsVersion = 11.4.1;
					};
				};
			};
			buildConfigurationList = 88CC58652452F97F00E39102 /* Build configuration list for PBXProject "MachineLearningForKidsApp" */;
			compatibilityVersion = "Xcode 9.3";
			developmentRegion = en;
			hasScannedForEncodings = 0;
			knownRegions = (
				en,
				Base,
			);
			mainGroup = 88CC58612452F97F00E39102;
			packageReferences = (
				88CC588D2453276D00E39102 /* XCRemoteSwiftPackageReference "IQKeyboardManager" */,
				88CC58A024532EF400E39102 /* XCRemoteSwiftPackageReference "Toast-Swift" */,
			);
			productRefGroup = 88CC586B2452F98000E39102 /* Products */;
			projectDirPath = "";
			projectRoot = "";
			targets = (
				88CC58692452F98000E39102 /* MachineLearningForKidsApp */,
			);
		};
/* End PBXProject section */

/* Begin PBXResourcesBuildPhase section */
		88CC58682452F98000E39102 /* Resources */ = {
			isa = PBXResourcesBuildPhase;
			buildActionMask = 2147483647;
			files = (
				88CC588A2452FFB800E39102 /* TitanicGetInfoView.xib in Resources */,
				88CC589F24532CFB00E39102 /* titanic_background_music.mp3 in Resources */,
				88CC589D245328C100E39102 /* titanic_loading.mp4 in Resources */,
				88CC587A2452F98200E39102 /* LaunchScreen.storyboard in Resources */,
				88CC58772452F98200E39102 /* Assets.xcassets in Resources */,
				88CC589C245328C100E39102 /* titanic_end_scene.mp4 in Resources */,
				88CC58882452FC9E00E39102 /* entryVideo.mp4 in Resources */,
				88CC589A245328C100E39102 /* titanic_boarding.mp4 in Resources */,
				8846F4F12462073B0070CAFA /* shyPandaVideo.mp4 in Resources */,
				88CC5899245328C100E39102 /* titanic_passenger3.mp4 in Resources */,
				88CC5898245328C100E39102 /* titanic_passenger2.mp4 in Resources */,
				88CC58752452F98000E39102 /* Main.storyboard in Resources */,
				88CC589B245328C100E39102 /* titanic_passenger1.mp4 in Resources */,
			);
			runOnlyForDeploymentPostprocessing = 0;
		};
/* End PBXResourcesBuildPhase section */

/* Begin PBXSourcesBuildPhase section */
		88CC58662452F98000E39102 /* Sources */ = {
			isa = PBXSourcesBuildPhase;
			buildActionMask = 2147483647;
			files = (
				8846F4EF246205D00070CAFA /* ShyPandaVC.swift in Sources */,
				885699BD2482C8E3008DCEEC /* SAConfettiView.swift in Sources */,
				8887276A24844AC30018BC55 /* RockPaperScissors.swift in Sources */,
				88CC58722452F98000E39102 /* ViewController.swift in Sources */,
				885BE7CA2468A92E00C1705E /* Bukelemun.swift in Sources */,
				88DE1799248409EE00ECE48C /* CarorCup.swift in Sources */,
				8822F83024697A0000CE790B /* ChameleonTrainVC.swift in Sources */,
				88CC58842452FA6A00E39102 /* VideoPlayer.swift in Sources */,
				88DE17972483F28400ECE48C /* SchoolLibrary.swift in Sources */,
				88CC588C2453228300E39102 /* TitanicGetInfoView.swift in Sources */,
				8887276824841B970018BC55 /* FaceLock.swift in Sources */,
				88CC58822452F9A700E39102 /* TitanicGameVC.swift in Sources */,
				8818A013247C3F0E0096559C /* FindTomJerryVC.swift in Sources */,
				88CC586E2452F98000E39102 /* AppDelegate.swift in Sources */,
				885699BF2483EEA5008DCEEC /* MakeMeHappy.swift in Sources */,
				88CC58702452F98000E39102 /* SceneDelegate.swift in Sources */,
			);
			runOnlyForDeploymentPostprocessing = 0;
		};
/* End PBXSourcesBuildPhase section */

/* Begin PBXVariantGroup section */
		88CC58732452F98000E39102 /* Main.storyboard */ = {
			isa = PBXVariantGroup;
			children = (
				88CC58742452F98000E39102 /* Base */,
			);
			name = Main.storyboard;
			sourceTree = "<group>";
		};
		88CC58782452F98200E39102 /* LaunchScreen.storyboard */ = {
			isa = PBXVariantGroup;
			children = (
				88CC58792452F98200E39102 /* Base */,
			);
			name = LaunchScreen.storyboard;
			sourceTree = "<group>";
		};
/* End PBXVariantGroup section */

/* Begin XCBuildConfiguration section */
		88CC587C2452F98200E39102 /* Debug */ = {
			isa = XCBuildConfiguration;
			buildSettings = {
				ALWAYS_SEARCH_USER_PATHS = NO;
				CLANG_ANALYZER_NONNULL = YES;
				CLANG_ANALYZER_NUMBER_OBJECT_CONVERSION = YES_AGGRESSIVE;
				CLANG_CXX_LANGUAGE_STANDARD = "gnu++14";
				CLANG_CXX_LIBRARY = "libc++";
				CLANG_ENABLE_MODULES = YES;
				CLANG_ENABLE_OBJC_ARC = YES;
				CLANG_ENABLE_OBJC_WEAK = YES;
				CLANG_WARN_BLOCK_CAPTURE_AUTORELEASING = YES;
				CLANG_WARN_BOOL_CONVERSION = YES;
				CLANG_WARN_COMMA = YES;
				CLANG_WARN_CONSTANT_CONVERSION = YES;
				CLANG_WARN_DEPRECATED_OBJC_IMPLEMENTATIONS = YES;
				CLANG_WARN_DIRECT_OBJC_ISA_USAGE = YES_ERROR;
				CLANG_WARN_DOCUMENTATION_COMMENTS = YES;
				CLANG_WARN_EMPTY_BODY = YES;
				CLANG_WARN_ENUM_CONVERSION = YES;
				CLANG_WARN_INFINITE_RECURSION = YES;
				CLANG_WARN_INT_CONVERSION = YES;
				CLANG_WARN_NON_LITERAL_NULL_CONVERSION = YES;
				CLANG_WARN_OBJC_IMPLICIT_RETAIN_SELF = YES;
				CLANG_WARN_OBJC_LITERAL_CONVERSION = YES;
				CLANG_WARN_OBJC_ROOT_CLASS = YES_ERROR;
				CLANG_WARN_RANGE_LOOP_ANALYSIS = YES;
				CLANG_WARN_STRICT_PROTOTYPES = YES;
				CLANG_WARN_SUSPICIOUS_MOVE = YES;
				CLANG_WARN_UNGUARDED_AVAILABILITY = YES_AGGRESSIVE;
				CLANG_WARN_UNREACHABLE_CODE = YES;
				CLANG_WARN__DUPLICATE_METHOD_MATCH = YES;
				COPY_PHASE_STRIP = NO;
				DEBUG_INFORMATION_FORMAT = dwarf;
				ENABLE_STRICT_OBJC_MSGSEND = YES;
				ENABLE_TESTABILITY = YES;
				GCC_C_LANGUAGE_STANDARD = gnu11;
				GCC_DYNAMIC_NO_PIC = NO;
				GCC_NO_COMMON_BLOCKS = YES;
				GCC_OPTIMIZATION_LEVEL = 0;
				GCC_PREPROCESSOR_DEFINITIONS = (
					"DEBUG=1",
					"$(inherited)",
				);
				GCC_WARN_64_TO_32_BIT_CONVERSION = YES;
				GCC_WARN_ABOUT_RETURN_TYPE = YES_ERROR;
				GCC_WARN_UNDECLARED_SELECTOR = YES;
				GCC_WARN_UNINITIALIZED_AUTOS = YES_AGGRESSIVE;
				GCC_WARN_UNUSED_FUNCTION = YES;
				GCC_WARN_UNUSED_VARIABLE = YES;
				IPHONEOS_DEPLOYMENT_TARGET = 13.4;
				MTL_ENABLE_DEBUG_INFO = INCLUDE_SOURCE;
				MTL_FAST_MATH = YES;
				ONLY_ACTIVE_ARCH = YES;
				SDKROOT = iphoneos;
				SWIFT_ACTIVE_COMPILATION_CONDITIONS = DEBUG;
				SWIFT_OPTIMIZATION_LEVEL = "-Onone";
			};
			name = Debug;
		};
		88CC587D2452F98200E39102 /* Release */ = {
			isa = XCBuildConfiguration;
			buildSettings = {
				ALWAYS_SEARCH_USER_PATHS = NO;
				CLANG_ANALYZER_NONNULL = YES;
				CLANG_ANALYZER_NUMBER_OBJECT_CONVERSION = YES_AGGRESSIVE;
				CLANG_CXX_LANGUAGE_STANDARD = "gnu++14";
				CLANG_CXX_LIBRARY = "libc++";
				CLANG_ENABLE_MODULES = YES;
				CLANG_ENABLE_OBJC_ARC = YES;
				CLANG_ENABLE_OBJC_WEAK = YES;
				CLANG_WARN_BLOCK_CAPTURE_AUTORELEASING = YES;
				CLANG_WARN_BOOL_CONVERSION = YES;
				CLANG_WARN_COMMA = YES;
				CLANG_WARN_CONSTANT_CONVERSION = YES;
				CLANG_WARN_DEPRECATED_OBJC_IMPLEMENTATIONS = YES;
				CLANG_WARN_DIRECT_OBJC_ISA_USAGE = YES_ERROR;
				CLANG_WARN_DOCUMENTATION_COMMENTS = YES;
				CLANG_WARN_EMPTY_BODY = YES;
				CLANG_WARN_ENUM_CONVERSION = YES;
				CLANG_WARN_INFINITE_RECURSION = YES;
				CLANG_WARN_INT_CONVERSION = YES;
				CLANG_WARN_NON_LITERAL_NULL_CONVERSION = YES;
				CLANG_WARN_OBJC_IMPLICIT_RETAIN_SELF = YES;
				CLANG_WARN_OBJC_LITERAL_CONVERSION = YES;
				CLANG_WARN_OBJC_ROOT_CLASS = YES_ERROR;
				CLANG_WARN_RANGE_LOOP_ANALYSIS = YES;
				CLANG_WARN_STRICT_PROTOTYPES = YES;
				CLANG_WARN_SUSPICIOUS_MOVE = YES;
				CLANG_WARN_UNGUARDED_AVAILABILITY = YES_AGGRESSIVE;
				CLANG_WARN_UNREACHABLE_CODE = YES;
				CLANG_WARN__DUPLICATE_METHOD_MATCH = YES;
				COPY_PHASE_STRIP = NO;
				DEBUG_INFORMATION_FORMAT = "dwarf-with-dsym";
				ENABLE_NS_ASSERTIONS = NO;
				ENABLE_STRICT_OBJC_MSGSEND = YES;
				GCC_C_LANGUAGE_STANDARD = gnu11;
				GCC_NO_COMMON_BLOCKS = YES;
				GCC_WARN_64_TO_32_BIT_CONVERSION = YES;
				GCC_WARN_ABOUT_RETURN_TYPE = YES_ERROR;
				GCC_WARN_UNDECLARED_SELECTOR = YES;
				GCC_WARN_UNINITIALIZED_AUTOS = YES_AGGRESSIVE;
				GCC_WARN_UNUSED_FUNCTION = YES;
				GCC_WARN_UNUSED_VARIABLE = YES;
				IPHONEOS_DEPLOYMENT_TARGET = 13.4;
				MTL_ENABLE_DEBUG_INFO = NO;
				MTL_FAST_MATH = YES;
				SDKROOT = iphoneos;
				SWIFT_COMPILATION_MODE = wholemodule;
				SWIFT_OPTIMIZATION_LEVEL = "-O";
				VALIDATE_PRODUCT = YES;
			};
			name = Release;
		};
		88CC587F2452F98200E39102 /* Debug */ = {
			isa = XCBuildConfiguration;
			buildSettings = {
				ASSETCATALOG_COMPILER_APPICON_NAME = AppIcon;
				CODE_SIGN_STYLE = Automatic;
				DEVELOPMENT_TEAM = E7R55236BC;
				INFOPLIST_FILE = MachineLearningForKidsApp/Info.plist;
				LD_RUNPATH_SEARCH_PATHS = (
					"$(inherited)",
					"@executable_path/Frameworks",
				);
				PRODUCT_BUNDLE_IDENTIFIER = com.yusufozgul.MachineLearningForKidsApp;
				PRODUCT_NAME = "$(TARGET_NAME)";
				SWIFT_VERSION = 5.0;
				TARGETED_DEVICE_FAMILY = "1,2";
			};
			name = Debug;
		};
		88CC58802452F98200E39102 /* Release */ = {
			isa = XCBuildConfiguration;
			buildSettings = {
				ASSETCATALOG_COMPILER_APPICON_NAME = AppIcon;
				CODE_SIGN_STYLE = Automatic;
				DEVELOPMENT_TEAM = E7R55236BC;
				INFOPLIST_FILE = MachineLearningForKidsApp/Info.plist;
				LD_RUNPATH_SEARCH_PATHS = (
					"$(inherited)",
					"@executable_path/Frameworks",
				);
				PRODUCT_BUNDLE_IDENTIFIER = com.yusufozgul.MachineLearningForKidsApp;
				PRODUCT_NAME = "$(TARGET_NAME)";
				SWIFT_VERSION = 5.0;
				TARGETED_DEVICE_FAMILY = "1,2";
			};
			name = Release;
		};
/* End XCBuildConfiguration section */

/* Begin XCConfigurationList section */
		88CC58652452F97F00E39102 /* Build configuration list for PBXProject "MachineLearningForKidsApp" */ = {
			isa = XCConfigurationList;
			buildConfigurations = (
				88CC587C2452F98200E39102 /* Debug */,
				88CC587D2452F98200E39102 /* Release */,
			);
			defaultConfigurationIsVisible = 0;
			defaultConfigurationName = Release;
		};
		88CC587E2452F98200E39102 /* Build configuration list for PBXNativeTarget "MachineLearningForKidsApp" */ = {
			isa = XCConfigurationList;
			buildConfigurations = (
				88CC587F2452F98200E39102 /* Debug */,
				88CC58802452F98200E39102 /* Release */,
			);
			defaultConfigurationIsVisible = 0;
			defaultConfigurationName = Release;
		};
/* End XCConfigurationList section */

/* Begin XCRemoteSwiftPackageReference section */
		88CC588D2453276D00E39102 /* XCRemoteSwiftPackageReference "IQKeyboardManager" */ = {
			isa = XCRemoteSwiftPackageReference;
			repositoryURL = "https://github.com/hackiftekhar/IQKeyboardManager.git";
			requirement = {
				kind = upToNextMajorVersion;
				minimumVersion = 6.5.5;
			};
		};
		88CC58A024532EF400E39102 /* XCRemoteSwiftPackageReference "Toast-Swift" */ = {
			isa = XCRemoteSwiftPackageReference;
			repositoryURL = "https://github.com/scalessec/Toast-Swift.git";
			requirement = {
				kind = upToNextMajorVersion;
				minimumVersion = 5.0.1;
			};
		};
/* End XCRemoteSwiftPackageReference section */

/* Begin XCSwiftPackageProductDependency section */
		88CC588E2453276D00E39102 /* IQKeyboardManagerSwift */ = {
			isa = XCSwiftPackageProductDependency;
			package = 88CC588D2453276D00E39102 /* XCRemoteSwiftPackageReference "IQKeyboardManager" */;
			productName = IQKeyboardManagerSwift;
		};
		88CC58A124532EF400E39102 /* Toast */ = {
			isa = XCSwiftPackageProductDependency;
			package = 88CC58A024532EF400E39102 /* XCRemoteSwiftPackageReference "Toast-Swift" */;
			productName = Toast;
		};
/* End XCSwiftPackageProductDependency section */
	};
	rootObject = 88CC58622452F97F00E39102 /* Project object */;
}
